// !$*UTF8*$!
{
	archiveVersion = 1;
	classes = {
	};
	objectVersion = 55;
	objects = {

/* Begin PBXBuildFile section */
		53414BC228E3D6780091D298 /* AppDelegate.swift in Sources */ = {isa = PBXBuildFile; fileRef = 53414BC128E3D6780091D298 /* AppDelegate.swift */; };
		53414BC428E3D6780091D298 /* SceneDelegate.swift in Sources */ = {isa = PBXBuildFile; fileRef = 53414BC328E3D6780091D298 /* SceneDelegate.swift */; };
		53414BC628E3D6780091D298 /* ViewController.swift in Sources */ = {isa = PBXBuildFile; fileRef = 53414BC528E3D6780091D298 /* ViewController.swift */; };
		53414BC928E3D6780091D298 /* Main.storyboard in Resources */ = {isa = PBXBuildFile; fileRef = 53414BC728E3D6780091D298 /* Main.storyboard */; };
		53414BCB28E3D6790091D298 /* Assets.xcassets in Resources */ = {isa = PBXBuildFile; fileRef = 53414BCA28E3D6790091D298 /* Assets.xcassets */; };
		53414BCE28E3D6790091D298 /* LaunchScreen.storyboard in Resources */ = {isa = PBXBuildFile; fileRef = 53414BCC28E3D6790091D298 /* LaunchScreen.storyboard */; };
		53414BD928E3D6790091D298 /* Bishop_CalculatorTests.swift in Sources */ = {isa = PBXBuildFile; fileRef = 53414BD828E3D6790091D298 /* Bishop_CalculatorTests.swift */; };
		53414BE328E3D6790091D298 /* Bishop_CalculatorUITests.swift in Sources */ = {isa = PBXBuildFile; fileRef = 53414BE228E3D6790091D298 /* Bishop_CalculatorUITests.swift */; };
		53414BE528E3D6790091D298 /* Bishop_CalculatorUITestsLaunchTests.swift in Sources */ = {isa = PBXBuildFile; fileRef = 53414BE428E3D6790091D298 /* Bishop_CalculatorUITestsLaunchTests.swift */; };
/* End PBXBuildFile section */

/* Begin PBXContainerItemProxy section */
		53414BD528E3D6790091D298 /* PBXContainerItemProxy */ = {
			isa = PBXContainerItemProxy;
			containerPortal = 53414BB628E3D6780091D298 /* Project object */;
			proxyType = 1;
			remoteGlobalIDString = 53414BBD28E3D6780091D298;
			remoteInfo = Bishop_Calculator;
		};
		53414BDF28E3D6790091D298 /* PBXContainerItemProxy */ = {
			isa = PBXContainerItemProxy;
			containerPortal = 53414BB628E3D6780091D298 /* Project object */;
			proxyType = 1;
			remoteGlobalIDString = 53414BBD28E3D6780091D298;
			remoteInfo = Bishop_Calculator;
		};
/* End PBXContainerItemProxy section */

/* Begin PBXFileReference section */
		53414BBE28E3D6780091D298 /* Bishop_Calculator.app */ = {isa = PBXFileReference; explicitFileType = wrapper.application; includeInIndex = 0; path = Bishop_Calculator.app; sourceTree = BUILT_PRODUCTS_DIR; };
		53414BC128E3D6780091D298 /* AppDelegate.swift */ = {isa = PBXFileReference; lastKnownFileType = sourcecode.swift; path = AppDelegate.swift; sourceTree = "<group>"; };
		53414BC328E3D6780091D298 /* SceneDelegate.swift */ = {isa = PBXFileReference; lastKnownFileType = sourcecode.swift; path = SceneDelegate.swift; sourceTree = "<group>"; };
		53414BC528E3D6780091D298 /* ViewController.swift */ = {isa = PBXFileReference; lastKnownFileType = sourcecode.swift; path = ViewController.swift; sourceTree = "<group>"; };
		53414BC828E3D6780091D298 /* Base */ = {isa = PBXFileReference; lastKnownFileType = file.storyboard; name = Base; path = Base.lproj/Main.storyboard; sourceTree = "<group>"; };
		53414BCA28E3D6790091D298 /* Assets.xcassets */ = {isa = PBXFileReference; lastKnownFileType = folder.assetcatalog; path = Assets.xcassets; sourceTree = "<group>"; };
		53414BCD28E3D6790091D298 /* Base */ = {isa = PBXFileReference; lastKnownFileType = file.storyboard; name = Base; path = Base.lproj/LaunchScreen.storyboard; sourceTree = "<group>"; };
		53414BCF28E3D6790091D298 /* Info.plist */ = {isa = PBXFileReference; lastKnownFileType = text.plist.xml; path = Info.plist; sourceTree = "<group>"; };
		53414BD428E3D6790091D298 /* Bishop_CalculatorTests.xctest */ = {isa = PBXFileReference; explicitFileType = wrapper.cfbundle; includeInIndex = 0; path = Bishop_CalculatorTests.xctest; sourceTree = BUILT_PRODUCTS_DIR; };
		53414BD828E3D6790091D298 /* Bishop_CalculatorTests.swift */ = {isa = PBXFileReference; lastKnownFileType = sourcecode.swift; path = Bishop_CalculatorTests.swift; sourceTree = "<group>"; };
		53414BDE28E3D6790091D298 /* Bishop_CalculatorUITests.xctest */ = {isa = PBXFileReference; explicitFileType = wrapper.cfbundle; includeInIndex = 0; path = Bishop_CalculatorUITests.xctest; sourceTree = BUILT_PRODUCTS_DIR; };
		53414BE228E3D6790091D298 /* Bishop_CalculatorUITests.swift */ = {isa = PBXFileReference; lastKnownFileType = sourcecode.swift; path = Bishop_CalculatorUITests.swift; sourceTree = "<group>"; };
		53414BE428E3D6790091D298 /* Bishop_CalculatorUITestsLaunchTests.swift */ = {isa = PBXFileReference; lastKnownFileType = sourcecode.swift; path = Bishop_CalculatorUITestsLaunchTests.swift; sourceTree = "<group>"; };
/* End PBXFileReference section */

/* Begin PBXFrameworksBuildPhase section */
		53414BBB28E3D6780091D298 /* Frameworks */ = {
			isa = PBXFrameworksBuildPhase;
			buildActionMask = 2147483647;
			files = (
			);
			runOnlyForDeploymentPostprocessing = 0;
		};
		53414BD128E3D6790091D298 /* Frameworks */ = {
			isa = PBXFrameworksBuildPhase;
			buildActionMask = 2147483647;
			files = (
			);
			runOnlyForDeploymentPostprocessing = 0;
		};
		53414BDB28E3D6790091D298 /* Frameworks */ = {
			isa = PBXFrameworksBuildPhase;
			buildActionMask = 2147483647;
			files = (
			);
			runOnlyForDeploymentPostprocessing = 0;
		};
/* End PBXFrameworksBuildPhase section */

/* Begin PBXGroup section */
		53414BB528E3D6780091D298 = {
			isa = PBXGroup;
			children = (
				53414BC028E3D6780091D298 /* Bishop_Calculator */,
				53414BD728E3D6790091D298 /* Bishop_CalculatorTests */,
				53414BE128E3D6790091D298 /* Bishop_CalculatorUITests */,
				53414BBF28E3D6780091D298 /* Products */,
			);
			sourceTree = "<group>";
		};
		53414BBF28E3D6780091D298 /* Products */ = {
			isa = PBXGroup;
			children = (
				53414BBE28E3D6780091D298 /* Bishop_Calculator.app */,
				53414BD428E3D6790091D298 /* Bishop_CalculatorTests.xctest */,
				53414BDE28E3D6790091D298 /* Bishop_CalculatorUITests.xctest */,
			);
			name = Products;
			sourceTree = "<group>";
		};
		53414BC028E3D6780091D298 /* Bishop_Calculator */ = {
			isa = PBXGroup;
			children = (
				53414BC128E3D6780091D298 /* AppDelegate.swift */,
				53414BC328E3D6780091D298 /* SceneDelegate.swift */,
				53414BC528E3D6780091D298 /* ViewController.swift */,
				53414BC728E3D6780091D298 /* Main.storyboard */,
				53414BCA28E3D6790091D298 /* Assets.xcassets */,
				53414BCC28E3D6790091D298 /* LaunchScreen.storyboard */,
				53414BCF28E3D6790091D298 /* Info.plist */,
			);
			path = Bishop_Calculator;
			sourceTree = "<group>";
		};
		53414BD728E3D6790091D298 /* Bishop_CalculatorTests */ = {
			isa = PBXGroup;
			children = (
				53414BD828E3D6790091D298 /* Bishop_CalculatorTests.swift */,
			);
			path = Bishop_CalculatorTests;
			sourceTree = "<group>";
		};
		53414BE128E3D6790091D298 /* Bishop_CalculatorUITests */ = {
			isa = PBXGroup;
			children = (
				53414BE228E3D6790091D298 /* Bishop_CalculatorUITests.swift */,
				53414BE428E3D6790091D298 /* Bishop_CalculatorUITestsLaunchTests.swift */,
			);
			path = Bishop_CalculatorUITests;
			sourceTree = "<group>";
		};
/* End PBXGroup section */

/* Begin PBXNativeTarget section */
		53414BBD28E3D6780091D298 /* Bishop_Calculator */ = {
			isa = PBXNativeTarget;
			buildConfigurationList = 53414BE828E3D6790091D298 /* Build configuration list for PBXNativeTarget "Bishop_Calculator" */;
			buildPhases = (
				53414BBA28E3D6780091D298 /* Sources */,
				53414BBB28E3D6780091D298 /* Frameworks */,
				53414BBC28E3D6780091D298 /* Resources */,
			);
			buildRules = (
			);
			dependencies = (
			);
			name = Bishop_Calculator;
			productName = Bishop_Calculator;
			productReference = 53414BBE28E3D6780091D298 /* Bishop_Calculator.app */;
			productType = "com.apple.product-type.application";
		};
		53414BD328E3D6790091D298 /* Bishop_CalculatorTests */ = {
			isa = PBXNativeTarget;
			buildConfigurationList = 53414BEB28E3D6790091D298 /* Build configuration list for PBXNativeTarget "Bishop_CalculatorTests" */;
			buildPhases = (
				53414BD028E3D6790091D298 /* Sources */,
				53414BD128E3D6790091D298 /* Frameworks */,
				53414BD228E3D6790091D298 /* Resources */,
			);
			buildRules = (
			);
			dependencies = (
				53414BD628E3D6790091D298 /* PBXTargetDependency */,
			);
			name = Bishop_CalculatorTests;
			productName = Bishop_CalculatorTests;
			productReference = 53414BD428E3D6790091D298 /* Bishop_CalculatorTests.xctest */;
			productType = "com.apple.product-type.bundle.unit-test";
		};
		53414BDD28E3D6790091D298 /* Bishop_CalculatorUITests */ = {
			isa = PBXNativeTarget;
			buildConfigurationList = 53414BEE28E3D6790091D298 /* Build configuration list for PBXNativeTarget "Bishop_CalculatorUITests" */;
			buildPhases = (
				53414BDA28E3D6790091D298 /* Sources */,
				53414BDB28E3D6790091D298 /* Frameworks */,
				53414BDC28E3D6790091D298 /* Resources */,
			);
			buildRules = (
			);
			dependencies = (
				53414BE028E3D6790091D298 /* PBXTargetDependency */,
			);
			name = Bishop_CalculatorUITests;
			productName = Bishop_CalculatorUITests;
			productReference = 53414BDE28E3D6790091D298 /* Bishop_CalculatorUITests.xctest */;
			productType = "com.apple.product-type.bundle.ui-testing";
		};
/* End PBXNativeTarget section */

/* Begin PBXProject section */
		53414BB628E3D6780091D298 /* Project object */ = {
			isa = PBXProject;
			attributes = {
				BuildIndependentTargetsInParallel = 1;
				LastSwiftUpdateCheck = 1340;
				LastUpgradeCheck = 1340;
				TargetAttributes = {
					53414BBD28E3D6780091D298 = {
						CreatedOnToolsVersion = 13.4.1;
					};
					53414BD328E3D6790091D298 = {
						CreatedOnToolsVersion = 13.4.1;
						TestTargetID = 53414BBD28E3D6780091D298;
					};
					53414BDD28E3D6790091D298 = {
						CreatedOnToolsVersion = 13.4.1;
						TestTargetID = 53414BBD28E3D6780091D298;
					};
				};
			};
			buildConfigurationList = 53414BB928E3D6780091D298 /* Build configuration list for PBXProject "Bishop_Calculator" */;
			compatibilityVersion = "Xcode 13.0";
			developmentRegion = en;
			hasScannedForEncodings = 0;
			knownRegions = (
				en,
				Base,
			);
			mainGroup = 53414BB528E3D6780091D298;
			productRefGroup = 53414BBF28E3D6780091D298 /* Products */;
			projectDirPath = "";
			projectRoot = "";
			targets = (
				53414BBD28E3D6780091D298 /* Bishop_Calculator */,
				53414BD328E3D6790091D298 /* Bishop_CalculatorTests */,
				53414BDD28E3D6790091D298 /* Bishop_CalculatorUITests */,
			);
		};
/* End PBXProject section */

/* Begin PBXResourcesBuildPhase section */
		53414BBC28E3D6780091D298 /* Resources */ = {
			isa = PBXResourcesBuildPhase;
			buildActionMask = 2147483647;
			files = (
				53414BCE28E3D6790091D298 /* LaunchScreen.storyboard in Resources */,
				53414BCB28E3D6790091D298 /* Assets.xcassets in Resources */,
				53414BC928E3D6780091D298 /* Main.storyboard in Resources */,
			);
			runOnlyForDeploymentPostprocessing = 0;
		};
		53414BD228E3D6790091D298 /* Resources */ = {
			isa = PBXResourcesBuildPhase;
			buildActionMask = 2147483647;
			files = (
			);
			runOnlyForDeploymentPostprocessing = 0;
		};
		53414BDC28E3D6790091D298 /* Resources */ = {
			isa = PBXResourcesBuildPhase;
			buildActionMask = 2147483647;
			files = (
			);
			runOnlyForDeploymentPostprocessing = 0;
		};
/* End PBXResourcesBuildPhase section */

/* Begin PBXSourcesBuildPhase section */
		53414BBA28E3D6780091D298 /* Sources */ = {
			isa = PBXSourcesBuildPhase;
			buildActionMask = 2147483647;
			files = (
				53414BC628E3D6780091D298 /* ViewController.swift in Sources */,
				53414BC228E3D6780091D298 /* AppDelegate.swift in Sources */,
				53414BC428E3D6780091D298 /* SceneDelegate.swift in Sources */,
			);
			runOnlyForDeploymentPostprocessing = 0;
		};
		53414BD028E3D6790091D298 /* Sources */ = {
			isa = PBXSourcesBuildPhase;
			buildActionMask = 2147483647;
			files = (
				53414BD928E3D6790091D298 /* Bishop_CalculatorTests.swift in Sources */,
			);
			runOnlyForDeploymentPostprocessing = 0;
		};
		53414BDA28E3D6790091D298 /* Sources */ = {
			isa = PBXSourcesBuildPhase;
			buildActionMask = 2147483647;
			files = (
				53414BE328E3D6790091D298 /* Bishop_CalculatorUITests.swift in Sources */,
				53414BE528E3D6790091D298 /* Bishop_CalculatorUITestsLaunchTests.swift in Sources */,
			);
			runOnlyForDeploymentPostprocessing = 0;
		};
/* End PBXSourcesBuildPhase section */

/* Begin PBXTargetDependency section */
		53414BD628E3D6790091D298 /* PBXTargetDependency */ = {
			isa = PBXTargetDependency;
			target = 53414BBD28E3D6780091D298 /* Bishop_Calculator */;
			targetProxy = 53414BD528E3D6790091D298 /* PBXContainerItemProxy */;
		};
		53414BE028E3D6790091D298 /* PBXTargetDependency */ = {
			isa = PBXTargetDependency;
			target = 53414BBD28E3D6780091D298 /* Bishop_Calculator */;
			targetProxy = 53414BDF28E3D6790091D298 /* PBXContainerItemProxy */;
		};
/* End PBXTargetDependency section */

/* Begin PBXVariantGroup section */
		53414BC728E3D6780091D298 /* Main.storyboard */ = {
			isa = PBXVariantGroup;
			children = (
				53414BC828E3D6780091D298 /* Base */,
			);
			name = Main.storyboard;
			sourceTree = "<group>";
		};
		53414BCC28E3D6790091D298 /* LaunchScreen.storyboard */ = {
			isa = PBXVariantGroup;
			children = (
				53414BCD28E3D6790091D298 /* Base */,
			);
			name = LaunchScreen.storyboard;
			sourceTree = "<group>";
		};
/* End PBXVariantGroup section */

/* Begin XCBuildConfiguration section */
		53414BE628E3D6790091D298 /* Debug */ = {
			isa = XCBuildConfiguration;
			buildSettings = {
				ALWAYS_SEARCH_USER_PATHS = NO;
				CLANG_ANALYZER_NONNULL = YES;
				CLANG_ANALYZER_NUMBER_OBJECT_CONVERSION = YES_AGGRESSIVE;
				CLANG_CXX_LANGUAGE_STANDARD = "gnu++17";
				CLANG_ENABLE_MODULES = YES;
				CLANG_ENABLE_OBJC_ARC = YES;
				CLANG_ENABLE_OBJC_WEAK = YES;
				CLANG_WARN_BLOCK_CAPTURE_AUTORELEASING = YES;
				CLANG_WARN_BOOL_CONVERSION = YES;
				CLANG_WARN_COMMA = YES;
				CLANG_WARN_CONSTANT_CONVERSION = YES;
				CLANG_WARN_DEPRECATED_OBJC_IMPLEMENTATIONS = YES;
				CLANG_WARN_DIRECT_OBJC_ISA_USAGE = YES_ERROR;
				CLANG_WARN_DOCUMENTATION_COMMENTS = YES;
				CLANG_WARN_EMPTY_BODY = YES;
				CLANG_WARN_ENUM_CONVERSION = YES;
				CLANG_WARN_INFINITE_RECURSION = YES;
				CLANG_WARN_INT_CONVERSION = YES;
				CLANG_WARN_NON_LITERAL_NULL_CONVERSION = YES;
				CLANG_WARN_OBJC_IMPLICIT_RETAIN_SELF = YES;
				CLANG_WARN_OBJC_LITERAL_CONVERSION = YES;
				CLANG_WARN_OBJC_ROOT_CLASS = YES_ERROR;
				CLANG_WARN_QUOTED_INCLUDE_IN_FRAMEWORK_HEADER = YES;
				CLANG_WARN_RANGE_LOOP_ANALYSIS = YES;
				CLANG_WARN_STRICT_PROTOTYPES = YES;
				CLANG_WARN_SUSPICIOUS_MOVE = YES;
				CLANG_WARN_UNGUARDED_AVAILABILITY = YES_AGGRESSIVE;
				CLANG_WARN_UNREACHABLE_CODE = YES;
				CLANG_WARN__DUPLICATE_METHOD_MATCH = YES;
				COPY_PHASE_STRIP = NO;
				DEBUG_INFORMATION_FORMAT = dwarf;
				ENABLE_STRICT_OBJC_MSGSEND = YES;
				ENABLE_TESTABILITY = YES;
				GCC_C_LANGUAGE_STANDARD = gnu11;
				GCC_DYNAMIC_NO_PIC = NO;
				GCC_NO_COMMON_BLOCKS = YES;
				GCC_OPTIMIZATION_LEVEL = 0;
				GCC_PREPROCESSOR_DEFINITIONS = (
					"DEBUG=1",
					"$(inherited)",
				);
				GCC_WARN_64_TO_32_BIT_CONVERSION = YES;
				GCC_WARN_ABOUT_RETURN_TYPE = YES_ERROR;
				GCC_WARN_UNDECLARED_SELECTOR = YES;
				GCC_WARN_UNINITIALIZED_AUTOS = YES_AGGRESSIVE;
				GCC_WARN_UNUSED_FUNCTION = YES;
				GCC_WARN_UNUSED_VARIABLE = YES;
				IPHONEOS_DEPLOYMENT_TARGET = 15.5;
				MTL_ENABLE_DEBUG_INFO = INCLUDE_SOURCE;
				MTL_FAST_MATH = YES;
				ONLY_ACTIVE_ARCH = YES;
				SDKROOT = iphoneos;
				SWIFT_ACTIVE_COMPILATION_CONDITIONS = DEBUG;
				SWIFT_OPTIMIZATION_LEVEL = "-Onone";
			};
			name = Debug;
		};
		53414BE728E3D6790091D298 /* Release */ = {
			isa = XCBuildConfiguration;
			buildSettings = {
				ALWAYS_SEARCH_USER_PATHS = NO;
				CLANG_ANALYZER_NONNULL = YES;
				CLANG_ANALYZER_NUMBER_OBJECT_CONVERSION = YES_AGGRESSIVE;
				CLANG_CXX_LANGUAGE_STANDARD = "gnu++17";
				CLANG_ENABLE_MODULES = YES;
				CLANG_ENABLE_OBJC_ARC = YES;
				CLANG_ENABLE_OBJC_WEAK = YES;
				CLANG_WARN_BLOCK_CAPTURE_AUTORELEASING = YES;
				CLANG_WARN_BOOL_CONVERSION = YES;
				CLANG_WARN_COMMA = YES;
				CLANG_WARN_CONSTANT_CONVERSION = YES;
				CLANG_WARN_DEPRECATED_OBJC_IMPLEMENTATIONS = YES;
				CLANG_WARN_DIRECT_OBJC_ISA_USAGE = YES_ERROR;
				CLANG_WARN_DOCUMENTATION_COMMENTS = YES;
				CLANG_WARN_EMPTY_BODY = YES;
				CLANG_WARN_ENUM_CONVERSION = YES;
				CLANG_WARN_INFINITE_RECURSION = YES;
				CLANG_WARN_INT_CONVERSION = YES;
				CLANG_WARN_NON_LITERAL_NULL_CONVERSION = YES;
				CLANG_WARN_OBJC_IMPLICIT_RETAIN_SELF = YES;
				CLANG_WARN_OBJC_LITERAL_CONVERSION = YES;
				CLANG_WARN_OBJC_ROOT_CLASS = YES_ERROR;
				CLANG_WARN_QUOTED_INCLUDE_IN_FRAMEWORK_HEADER = YES;
				CLANG_WARN_RANGE_LOOP_ANALYSIS = YES;
				CLANG_WARN_STRICT_PROTOTYPES = YES;
				CLANG_WARN_SUSPICIOUS_MOVE = YES;
				CLANG_WARN_UNGUARDED_AVAILABILITY = YES_AGGRESSIVE;
				CLANG_WARN_UNREACHABLE_CODE = YES;
				CLANG_WARN__DUPLICATE_METHOD_MATCH = YES;
				COPY_PHASE_STRIP = NO;
				DEBUG_INFORMATION_FORMAT = "dwarf-with-dsym";
				ENABLE_NS_ASSERTIONS = NO;
				ENABLE_STRICT_OBJC_MSGSEND = YES;
				GCC_C_LANGUAGE_STANDARD = gnu11;
				GCC_NO_COMMON_BLOCKS = YES;
				GCC_WARN_64_TO_32_BIT_CONVERSION = YES;
				GCC_WARN_ABOUT_RETURN_TYPE = YES_ERROR;
				GCC_WARN_UNDECLARED_SELECTOR = YES;
				GCC_WARN_UNINITIALIZED_AUTOS = YES_AGGRESSIVE;
				GCC_WARN_UNUSED_FUNCTION = YES;
				GCC_WARN_UNUSED_VARIABLE = YES;
				IPHONEOS_DEPLOYMENT_TARGET = 15.5;
				MTL_ENABLE_DEBUG_INFO = NO;
				MTL_FAST_MATH = YES;
				SDKROOT = iphoneos;
				SWIFT_COMPILATION_MODE = wholemodule;
				SWIFT_OPTIMIZATION_LEVEL = "-O";
				VALIDATE_PRODUCT = YES;
			};
			name = Release;
		};
		53414BE928E3D6790091D298 /* Debug */ = {
			isa = XCBuildConfiguration;
			buildSettings = {
				ASSETCATALOG_COMPILER_APPICON_NAME = AppIcon;
				ASSETCATALOG_COMPILER_GLOBAL_ACCENT_COLOR_NAME = AccentColor;
				CODE_SIGN_STYLE = Automatic;
				CURRENT_PROJECT_VERSION = 1;
				GENERATE_INFOPLIST_FILE = YES;
				INFOPLIST_FILE = Bishop_Calculator/Info.plist;
				INFOPLIST_KEY_UIApplicationSupportsIndirectInputEvents = YES;
				INFOPLIST_KEY_UILaunchStoryboardName = LaunchScreen;
				INFOPLIST_KEY_UIMainStoryboardFile = Main;
				INFOPLIST_KEY_UISupportedInterfaceOrientations_iPad = "UIInterfaceOrientationPortrait UIInterfaceOrientationPortraitUpsideDown UIInterfaceOrientationLandscapeLeft UIInterfaceOrientationLandscapeRight";
				INFOPLIST_KEY_UISupportedInterfaceOrientations_iPhone = "UIInterfaceOrientationPortrait UIInterfaceOrientationLandscapeLeft UIInterfaceOrientationLandscapeRight";
				LD_RUNPATH_SEARCH_PATHS = (
					"$(inherited)",
					"@executable_path/Frameworks",
				);
				MARKETING_VERSION = 1.0;
				PRODUCT_BUNDLE_IDENTIFIER = "nwmsu.Bishop-Calculator";
				PRODUCT_NAME = "$(TARGET_NAME)";
				SWIFT_EMIT_LOC_STRINGS = YES;
				SWIFT_VERSION = 5.0;
				TARGETED_DEVICE_FAMILY = "1,2";
			};
			name = Debug;
		};
		53414BEA28E3D6790091D298 /* Release */ = {
			isa = XCBuildConfiguration;
			buildSettings = {
				ASSETCATALOG_COMPILER_APPICON_NAME = AppIcon;
				ASSETCATALOG_COMPILER_GLOBAL_ACCENT_COLOR_NAME = AccentColor;
				CODE_SIGN_STYLE = Automatic;
				CURRENT_PROJECT_VERSION = 1;
				GENERATE_INFOPLIST_FILE = YES;
				INFOPLIST_FILE = Bishop_Calculator/Info.plist;
				INFOPLIST_KEY_UIApplicationSupportsIndirectInputEvents = YES;
				INFOPLIST_KEY_UILaunchStoryboardName = LaunchScreen;
				INFOPLIST_KEY_UIMainStoryboardFile = Main;
				INFOPLIST_KEY_UISupportedInterfaceOrientations_iPad = "UIInterfaceOrientationPortrait UIInterfaceOrientationPortraitUpsideDown UIInterfaceOrientationLandscapeLeft UIInterfaceOrientationLandscapeRight";
				INFOPLIST_KEY_UISupportedInterfaceOrientations_iPhone = "UIInterfaceOrientationPortrait UIInterfaceOrientationLandscapeLeft UIInterfaceOrientationLandscapeRight";
				LD_RUNPATH_SEARCH_PATHS = (
					"$(inherited)",
					"@executable_path/Frameworks",
				);
				MARKETING_VERSION = 1.0;
				PRODUCT_BUNDLE_IDENTIFIER = "nwmsu.Bishop-Calculator";
				PRODUCT_NAME = "$(TARGET_NAME)";
				SWIFT_EMIT_LOC_STRINGS = YES;
				SWIFT_VERSION = 5.0;
				TARGETED_DEVICE_FAMILY = "1,2";
			};
			name = Release;
		};
		53414BEC28E3D6790091D298 /* Debug */ = {
			isa = XCBuildConfiguration;
			buildSettings = {
				ALWAYS_EMBED_SWIFT_STANDARD_LIBRARIES = YES;
				BUNDLE_LOADER = "$(TEST_HOST)";
				CODE_SIGN_STYLE = Automatic;
				CURRENT_PROJECT_VERSION = 1;
				GENERATE_INFOPLIST_FILE = YES;
				IPHONEOS_DEPLOYMENT_TARGET = 15.5;
				MARKETING_VERSION = 1.0;
				PRODUCT_BUNDLE_IDENTIFIER = "nwmsu.Bishop-CalculatorTests";
				PRODUCT_NAME = "$(TARGET_NAME)";
				SWIFT_EMIT_LOC_STRINGS = NO;
				SWIFT_VERSION = 5.0;
				TARGETED_DEVICE_FAMILY = "1,2";
				TEST_HOST = "$(BUILT_PRODUCTS_DIR)/Bishop_Calculator.app/Bishop_Calculator";
			};
			name = Debug;
		};
		53414BED28E3D6790091D298 /* Release */ = {
			isa = XCBuildConfiguration;
			buildSettings = {
				ALWAYS_EMBED_SWIFT_STANDARD_LIBRARIES = YES;
				BUNDLE_LOADER = "$(TEST_HOST)";
				CODE_SIGN_STYLE = Automatic;
				CURRENT_PROJECT_VERSION = 1;
				GENERATE_INFOPLIST_FILE = YES;
				IPHONEOS_DEPLOYMENT_TARGET = 15.5;
				MARKETING_VERSION = 1.0;
				PRODUCT_BUNDLE_IDENTIFIER = "nwmsu.Bishop-CalculatorTests";
				PRODUCT_NAME = "$(TARGET_NAME)";
				SWIFT_EMIT_LOC_STRINGS = NO;
				SWIFT_VERSION = 5.0;
				TARGETED_DEVICE_FAMILY = "1,2";
				TEST_HOST = "$(BUILT_PRODUCTS_DIR)/Bishop_Calculator.app/Bishop_Calculator";
			};
			name = Release;
		};
		53414BEF28E3D6790091D298 /* Debug */ = {
			isa = XCBuildConfiguration;
			buildSettings = {
				ALWAYS_EMBED_SWIFT_STANDARD_LIBRARIES = YES;
				CODE_SIGN_STYLE = Automatic;
				CURRENT_PROJECT_VERSION = 1;
				GENERATE_INFOPLIST_FILE = YES;
				MARKETING_VERSION = 1.0;
				PRODUCT_BUNDLE_IDENTIFIER = "nwmsu.Bishop-CalculatorUITests";
				PRODUCT_NAME = "$(TARGET_NAME)";
				SWIFT_EMIT_LOC_STRINGS = NO;
				SWIFT_VERSION = 5.0;
				TARGETED_DEVICE_FAMILY = "1,2";
				TEST_TARGET_NAME = Bishop_Calculator;
			};
			name = Debug;
		};
		53414BF028E3D6790091D298 /* Release */ = {
			isa = XCBuildConfiguration;
			buildSettings = {
				ALWAYS_EMBED_SWIFT_STANDARD_LIBRARIES = YES;
				CODE_SIGN_STYLE = Automatic;
				CURRENT_PROJECT_VERSION = 1;
				GENERATE_INFOPLIST_FILE = YES;
				MARKETING_VERSION = 1.0;
				PRODUCT_BUNDLE_IDENTIFIER = "nwmsu.Bishop-CalculatorUITests";
				PRODUCT_NAME = "$(TARGET_NAME)";
				SWIFT_EMIT_LOC_STRINGS = NO;
				SWIFT_VERSION = 5.0;
				TARGETED_DEVICE_FAMILY = "1,2";
				TEST_TARGET_NAME = Bishop_Calculator;
			};
			name = Release;
		};
/* End XCBuildConfiguration section */

/* Begin XCConfigurationList section */
		53414BB928E3D6780091D298 /* Build configuration list for PBXProject "Bishop_Calculator" */ = {
			isa = XCConfigurationList;
			buildConfigurations = (
				53414BE628E3D6790091D298 /* Debug */,
				53414BE728E3D6790091D298 /* Release */,
			);
			defaultConfigurationIsVisible = 0;
			defaultConfigurationName = Release;
		};
		53414BE828E3D6790091D298 /* Build configuration list for PBXNativeTarget "Bishop_Calculator" */ = {
			isa = XCConfigurationList;
			buildConfigurations = (
				53414BE928E3D6790091D298 /* Debug */,
				53414BEA28E3D6790091D298 /* Release */,
			);
			defaultConfigurationIsVisible = 0;
			defaultConfigurationName = Release;
		};
		53414BEB28E3D6790091D298 /* Build configuration list for PBXNativeTarget "Bishop_CalculatorTests" */ = {
			isa = XCConfigurationList;
			buildConfigurations = (
				53414BEC28E3D6790091D298 /* Debug */,
				53414BED28E3D6790091D298 /* Release */,
			);
			defaultConfigurationIsVisible = 0;
			defaultConfigurationName = Release;
		};
		53414BEE28E3D6790091D298 /* Build configuration list for PBXNativeTarget "Bishop_CalculatorUITests" */ = {
			isa = XCConfigurationList;
			buildConfigurations = (
				53414BEF28E3D6790091D298 /* Debug */,
				53414BF028E3D6790091D298 /* Release */,
			);
			defaultConfigurationIsVisible = 0;
			defaultConfigurationName = Release;
		};
/* End XCConfigurationList section */
	};
	rootObject = 53414BB628E3D6780091D298 /* Project object */;
}
